
Microsoft Visual Studio Solution File, Format Version 12.00
# Visual Studio Version 17
VisualStudioVersion = 17.4.33213.308
MinimumVisualStudioVersion = 10.0.40219.1
Project("{FAE04EC0-301F-11D3-BF4B-00C04F79EFBC}") = "MC-APM", "MC-APM\MC-APM.csproj", "{35CE6694-0C88-4076-A386-812B9EA6A315}"
EndProject
Global
	GlobalSection(SolutionConfigurationPlatforms) = preSolution
		Debug|Any CPU = Debug|Any CPU
		Release|Any CPU = Release|Any CPU
	EndGlobalSection
	GlobalSection(ProjectConfigurationPlatforms) = postSolution
		{35CE6694-0C88-4076-A386-812B9EA6A315}.Debug|Any CPU.ActiveCfg = Debug|Any CPU
		{35CE6694-0C88-4076-A386-812B9EA6A315}.Debug|Any CPU.Build.0 = Debug|Any CPU
		{35CE6694-0C88-4076-A386-812B9EA6A315}.Release|Any CPU.ActiveCfg = Release|Any CPU
		{35CE6694-0C88-4076-A386-812B9EA6A315}.Release|Any CPU.Build.0 = Release|Any CPU
	EndGlobalSection
	GlobalSection(SolutionProperties) = preSolution
		HideSolutionNode = FALSE
	EndGlobalSection
	GlobalSection(ExtensibilityGlobals) = postSolution
		SolutionGuid = {EB0F0F1A-0D24-4119-A270-2E5079A598B1}
	EndGlobalSection
EndGlobal
